
Microsoft Visual Studio Solution File, Format Version 12.00
# Visual Studio Version 17
VisualStudioVersion = 17.12.35527.113
MinimumVisualStudioVersion = 10.0.40219.1
Project("{FAE04EC0-301F-11D3-BF4B-00C04F79EFBC}") = "DATA", "Data\DATA.csproj", "{52858B4E-3840-411C-BD1D-111496C45729}"
EndProject
Project("{FAE04EC0-301F-11D3-BF4B-00C04F79EFBC}") = "API", "API\API.csproj", "{BE0CDEBF-12F8-4462-BD19-3600881FB114}"
EndProject
Global
	GlobalSection(SolutionConfigurationPlatforms) = preSolution
		Debug|Any CPU = Debug|Any CPU
		Release|Any CPU = Release|Any CPU
	EndGlobalSection
	GlobalSection(ProjectConfigurationPlatforms) = postSolution
		{52858B4E-3840-411C-BD1D-111496C45729}.Debug|Any CPU.ActiveCfg = Debug|Any CPU
		{52858B4E-3840-411C-BD1D-111496C45729}.Debug|Any CPU.Build.0 = Debug|Any CPU
		{52858B4E-3840-411C-BD1D-111496C45729}.Release|Any CPU.ActiveCfg = Release|Any CPU
		{52858B4E-3840-411C-BD1D-111496C45729}.Release|Any CPU.Build.0 = Release|Any CPU
		{BE0CDEBF-12F8-4462-BD19-3600881FB114}.Debug|Any CPU.ActiveCfg = Debug|Any CPU
		{BE0CDEBF-12F8-4462-BD19-3600881FB114}.Debug|Any CPU.Build.0 = Debug|Any CPU
		{BE0CDEBF-12F8-4462-BD19-3600881FB114}.Release|Any CPU.ActiveCfg = Release|Any CPU
		{BE0CDEBF-12F8-4462-BD19-3600881FB114}.Release|Any CPU.Build.0 = Release|Any CPU
	EndGlobalSection
	GlobalSection(SolutionProperties) = preSolution
		HideSolutionNode = FALSE
	EndGlobalSection
EndGlobal
